
Microsoft Visual Studio Solution File, Format Version 12.00
# Visual Studio Version 17
VisualStudioVersion = 17.5.002.0
MinimumVisualStudioVersion = 10.0.40219.1
Project("{9A19103F-16F7-4668-BE54-9A1E7A4F7556}") = "vicemAPI", "vicemAPI\vicemAPI.csproj", "{336508B5-2ED4-4D9D-A5EE-EBFAFF7E546C}"
EndProject
Project("{9A19103F-16F7-4668-BE54-9A1E7A4F7556}") = "VicemMVC", "VicemMVC\VicemMVC.csproj", "{9D6397A3-4B3F-4DDB-AEC7-26EE01807A7F}"
EndProject
Global
	GlobalSection(SolutionConfigurationPlatforms) = preSolution
		Debug|Any CPU = Debug|Any CPU
		Release|Any CPU = Release|Any CPU
	EndGlobalSection
	GlobalSection(ProjectConfigurationPlatforms) = postSolution
		{336508B5-2ED4-4D9D-A5EE-EBFAFF7E546C}.Debug|Any CPU.ActiveCfg = Debug|Any CPU
		{336508B5-2ED4-4D9D-A5EE-EBFAFF7E546C}.Debug|Any CPU.Build.0 = Debug|Any CPU
		{336508B5-2ED4-4D9D-A5EE-EBFAFF7E546C}.Release|Any CPU.ActiveCfg = Release|Any CPU
		{336508B5-2ED4-4D9D-A5EE-EBFAFF7E546C}.Release|Any CPU.Build.0 = Release|Any CPU
		{9D6397A3-4B3F-4DDB-AEC7-26EE01807A7F}.Debug|Any CPU.ActiveCfg = Debug|Any CPU
		{9D6397A3-4B3F-4DDB-AEC7-26EE01807A7F}.Debug|Any CPU.Build.0 = Debug|Any CPU
		{9D6397A3-4B3F-4DDB-AEC7-26EE01807A7F}.Release|Any CPU.ActiveCfg = Release|Any CPU
		{9D6397A3-4B3F-4DDB-AEC7-26EE01807A7F}.Release|Any CPU.Build.0 = Release|Any CPU
	EndGlobalSection
	GlobalSection(SolutionProperties) = preSolution
		HideSolutionNode = FALSE
	EndGlobalSection
	GlobalSection(ExtensibilityGlobals) = postSolution
		SolutionGuid = {B6FE2962-5C0E-4334-8EDC-7558264A14A7}
	EndGlobalSection
EndGlobal
